
Microsoft Visual Studio Solution File, Format Version 12.00
# Visual Studio Version 17
VisualStudioVersion = 17.5.33516.290
MinimumVisualStudioVersion = 10.0.40219.1
Project("{9A19103F-16F7-4668-BE54-9A1E7A4F7556}") = "supper-searchbot", "supper-searchbot\supper-searchbot.csproj", "{7A736A66-EA21-4068-9EC4-450A26DB827A}"
EndProject
Project("{9A19103F-16F7-4668-BE54-9A1E7A4F7556}") = "core", "core\core.csproj", "{FA12BF2C-F15D-4A73-AF45-FF7F8D47DFF7}"
EndProject
Project("{FAE04EC0-301F-11D3-BF4B-00C04F79EFBC}") = "desktop", "desktop\desktop.csproj", "{2D9D096B-DF52-4718-AEC3-D3A244E1CBEF}"
EndProject
Global
	GlobalSection(SolutionConfigurationPlatforms) = preSolution
		Debug|Any CPU = Debug|Any CPU
		Release|Any CPU = Release|Any CPU
	EndGlobalSection
	GlobalSection(ProjectConfigurationPlatforms) = postSolution
		{7A736A66-EA21-4068-9EC4-450A26DB827A}.Debug|Any CPU.ActiveCfg = Debug|Any CPU
		{7A736A66-EA21-4068-9EC4-450A26DB827A}.Debug|Any CPU.Build.0 = Debug|Any CPU
		{7A736A66-EA21-4068-9EC4-450A26DB827A}.Release|Any CPU.ActiveCfg = Release|Any CPU
		{7A736A66-EA21-4068-9EC4-450A26DB827A}.Release|Any CPU.Build.0 = Release|Any CPU
		{FA12BF2C-F15D-4A73-AF45-FF7F8D47DFF7}.Debug|Any CPU.ActiveCfg = Debug|Any CPU
		{FA12BF2C-F15D-4A73-AF45-FF7F8D47DFF7}.Debug|Any CPU.Build.0 = Debug|Any CPU
		{FA12BF2C-F15D-4A73-AF45-FF7F8D47DFF7}.Release|Any CPU.ActiveCfg = Release|Any CPU
		{FA12BF2C-F15D-4A73-AF45-FF7F8D47DFF7}.Release|Any CPU.Build.0 = Release|Any CPU
		{2D9D096B-DF52-4718-AEC3-D3A244E1CBEF}.Debug|Any CPU.ActiveCfg = Debug|Any CPU
		{2D9D096B-DF52-4718-AEC3-D3A244E1CBEF}.Debug|Any CPU.Build.0 = Debug|Any CPU
		{2D9D096B-DF52-4718-AEC3-D3A244E1CBEF}.Release|Any CPU.ActiveCfg = Release|Any CPU
		{2D9D096B-DF52-4718-AEC3-D3A244E1CBEF}.Release|Any CPU.Build.0 = Release|Any CPU
	EndGlobalSection
	GlobalSection(SolutionProperties) = preSolution
		HideSolutionNode = FALSE
	EndGlobalSection
	GlobalSection(ExtensibilityGlobals) = postSolution
		SolutionGuid = {F316DFF5-07F0-45A3-884C-805227F22020}
	EndGlobalSection
EndGlobal
